
Microsoft Visual Studio Solution File, Format Version 12.00
# Visual Studio Version 17
VisualStudioVersion = 17.11.35327.3
MinimumVisualStudioVersion = 10.0.40219.1
Project("{FAE04EC0-301F-11D3-BF4B-00C04F79EFBC}") = "SolviaDynamics365AddressManager", "SolviaDynamics365AddressManager\SolviaDynamics365AddressManager.csproj", "{6ED5E2B3-5F08-416A-A7EB-35DC94168E97}"
EndProject
Global
	GlobalSection(SolutionConfigurationPlatforms) = preSolution
		Debug|Any CPU = Debug|Any CPU
		Release|Any CPU = Release|Any CPU
	EndGlobalSection
	GlobalSection(ProjectConfigurationPlatforms) = postSolution
		{6ED5E2B3-5F08-416A-A7EB-35DC94168E97}.Debug|Any CPU.ActiveCfg = Debug|Any CPU
		{6ED5E2B3-5F08-416A-A7EB-35DC94168E97}.Debug|Any CPU.Build.0 = Debug|Any CPU
		{6ED5E2B3-5F08-416A-A7EB-35DC94168E97}.Release|Any CPU.ActiveCfg = Release|Any CPU
		{6ED5E2B3-5F08-416A-A7EB-35DC94168E97}.Release|Any CPU.Build.0 = Release|Any CPU
	EndGlobalSection
	GlobalSection(SolutionProperties) = preSolution
		HideSolutionNode = FALSE
	EndGlobalSection
	GlobalSection(ExtensibilityGlobals) = postSolution
		SolutionGuid = {B9EFE6B5-8648-430C-AEA9-EC8E372FDB59}
	EndGlobalSection
EndGlobal
